// !$*UTF8*$!
{
	archiveVersion = 1;
	classes = {
	};
	objectVersion = 46;
	objects = {

/* Begin PBXBuildFile section */
		18304CF51E052271003B203B /* DicSetViewController.swift in Sources */ = {isa = PBXBuildFile; fileRef = 18304CF41E052271003B203B /* DicSetViewController.swift */; };
		18417C9F1DFD38DA0033E682 /* RegisterViewController.swift in Sources */ = {isa = PBXBuildFile; fileRef = 18417C9E1DFD38DA0033E682 /* RegisterViewController.swift */; };
		184A5FBE1DFC143500795327 /* HYWaiWaiTiJ.ttf in Resources */ = {isa = PBXBuildFile; fileRef = 184A5FBD1DFC12ED00795327 /* HYWaiWaiTiJ.ttf */; };
		1856DF391DFFC82D0009B9EF /* MainPageViewController.swift in Sources */ = {isa = PBXBuildFile; fileRef = 1856DF381DFFC82D0009B9EF /* MainPageViewController.swift */; };
		185DB3451E123CD600415CE0 /* ChooseTypeViewController.swift in Sources */ = {isa = PBXBuildFile; fileRef = 185DB3441E123CD600415CE0 /* ChooseTypeViewController.swift */; };
		185EA32B1E03928C0018AFDC /* Config.swift in Sources */ = {isa = PBXBuildFile; fileRef = 185EA32A1E03928C0018AFDC /* Config.swift */; };
		186149671DFAD6C400DE07C9 /* LoginViewController.swift in Sources */ = {isa = PBXBuildFile; fileRef = 186149661DFAD6C400DE07C9 /* LoginViewController.swift */; };
		186AA9031E1A27C700B8BD3C /* DictionaryViewController.swift in Sources */ = {isa = PBXBuildFile; fileRef = 186AA9021E1A27C700B8BD3C /* DictionaryViewController.swift */; };
		186AA9041E1A2E0800B8BD3C /* PhotoView.swift in Sources */ = {isa = PBXBuildFile; fileRef = 1872E6B51DF93CAC00A71E7D /* PhotoView.swift */; };
		186FE14D1E02932B006EBCF4 /* ContentInputViewController.swift in Sources */ = {isa = PBXBuildFile; fileRef = 186FE14C1E02932B006EBCF4 /* ContentInputViewController.swift */; };
		186FE1571E02CC6E006EBCF4 /* AccessoryView.swift in Sources */ = {isa = PBXBuildFile; fileRef = 186FE1551E02CC6E006EBCF4 /* AccessoryView.swift */; };
		186FE1581E02CC6E006EBCF4 /* AccessoryView.xib in Resources */ = {isa = PBXBuildFile; fileRef = 186FE1561E02CC6E006EBCF4 /* AccessoryView.xib */; };
		186FE15A1E02CD2C006EBCF4 /* MyTextViewDelegate.swift in Sources */ = {isa = PBXBuildFile; fileRef = 186FE1591E02CD2C006EBCF4 /* MyTextViewDelegate.swift */; };
		1872715A1E0D402400708A89 /* FadeAnimation.swift in Sources */ = {isa = PBXBuildFile; fileRef = 187271591E0D402400708A89 /* FadeAnimation.swift */; };
		1872E6B81DF93CC900A71E7D /* PhotoView.xib in Resources */ = {isa = PBXBuildFile; fileRef = 1872E6B71DF93CC900A71E7D /* PhotoView.xib */; };
		1876B41A1E10F1CA00A35DD5 /* SearchViewController.swift in Sources */ = {isa = PBXBuildFile; fileRef = 1876B4191E10F1CA00A35DD5 /* SearchViewController.swift */; };
		187B709C1E161C7D0017D291 /* AboutViewController.swift in Sources */ = {isa = PBXBuildFile; fileRef = 187B709B1E161C7D0017D291 /* AboutViewController.swift */; };
		188BF1B51E151E63008ACA36 /* HomeViewController.swift in Sources */ = {isa = PBXBuildFile; fileRef = 188BF1B41E151E63008ACA36 /* HomeViewController.swift */; };
		188BF1B71E152780008ACA36 /* FeedBackViewController.swift in Sources */ = {isa = PBXBuildFile; fileRef = 188BF1B61E152780008ACA36 /* FeedBackViewController.swift */; };
		18B36C271DFD8935007215E2 /* Toast.swift in Sources */ = {isa = PBXBuildFile; fileRef = 18B36C261DFD8935007215E2 /* Toast.swift */; };
		18BD8B7E1DF7A822001F32CC /* AppDelegate.swift in Sources */ = {isa = PBXBuildFile; fileRef = 18BD8B7D1DF7A822001F32CC /* AppDelegate.swift */; };
		18BD8B831DF7A822001F32CC /* Main.storyboard in Resources */ = {isa = PBXBuildFile; fileRef = 18BD8B811DF7A822001F32CC /* Main.storyboard */; };
		18BD8B851DF7A822001F32CC /* Assets.xcassets in Resources */ = {isa = PBXBuildFile; fileRef = 18BD8B841DF7A822001F32CC /* Assets.xcassets */; };
		18BD8B881DF7A822001F32CC /* LaunchScreen.storyboard in Resources */ = {isa = PBXBuildFile; fileRef = 18BD8B861DF7A822001F32CC /* LaunchScreen.storyboard */; };
		18BD8B931DF7A822001F32CC /* TraceUITests.swift in Sources */ = {isa = PBXBuildFile; fileRef = 18BD8B921DF7A822001F32CC /* TraceUITests.swift */; };
		18BD8BA21DF7B067001F32CC /* NotePaper.swift in Sources */ = {isa = PBXBuildFile; fileRef = 18BD8BA11DF7B067001F32CC /* NotePaper.swift */; };
		9F273F21FA2F498BCD61A5C9 /* Pods_Trace.framework in Frameworks */ = {isa = PBXBuildFile; fileRef = 7D4CEFA1A9E8D8E6A93E969D /* Pods_Trace.framework */; };
/* End PBXBuildFile section */

/* Begin PBXContainerItemProxy section */
		18BD8B8F1DF7A822001F32CC /* PBXContainerItemProxy */ = {
			isa = PBXContainerItemProxy;
			containerPortal = 18BD8B721DF7A822001F32CC /* Project object */;
			proxyType = 1;
			remoteGlobalIDString = 18BD8B791DF7A822001F32CC;
			remoteInfo = Trace;
		};
/* End PBXContainerItemProxy section */

/* Begin PBXFileReference section */
		121EDC69D402EC89704EA6BB /* Pods-Trace.release.xcconfig */ = {isa = PBXFileReference; includeInIndex = 1; lastKnownFileType = text.xcconfig; name = "Pods-Trace.release.xcconfig"; path = "Pods/Target Support Files/Pods-Trace/Pods-Trace.release.xcconfig"; sourceTree = "<group>"; };
		18304CF41E052271003B203B /* DicSetViewController.swift */ = {isa = PBXFileReference; fileEncoding = 4; lastKnownFileType = sourcecode.swift; path = DicSetViewController.swift; sourceTree = "<group>"; };
		18417C9E1DFD38DA0033E682 /* RegisterViewController.swift */ = {isa = PBXFileReference; fileEncoding = 4; lastKnownFileType = sourcecode.swift; path = RegisterViewController.swift; sourceTree = "<group>"; };
		184A5FBD1DFC12ED00795327 /* HYWaiWaiTiJ.ttf */ = {isa = PBXFileReference; lastKnownFileType = file; path = HYWaiWaiTiJ.ttf; sourceTree = "<group>"; };
		1856DF381DFFC82D0009B9EF /* MainPageViewController.swift */ = {isa = PBXFileReference; fileEncoding = 4; lastKnownFileType = sourcecode.swift; path = MainPageViewController.swift; sourceTree = "<group>"; };
		185DB3441E123CD600415CE0 /* ChooseTypeViewController.swift */ = {isa = PBXFileReference; fileEncoding = 4; lastKnownFileType = sourcecode.swift; path = ChooseTypeViewController.swift; sourceTree = "<group>"; };
		185EA32A1E03928C0018AFDC /* Config.swift */ = {isa = PBXFileReference; fileEncoding = 4; lastKnownFileType = sourcecode.swift; path = Config.swift; sourceTree = "<group>"; };
		186149661DFAD6C400DE07C9 /* LoginViewController.swift */ = {isa = PBXFileReference; fileEncoding = 4; lastKnownFileType = sourcecode.swift; path = LoginViewController.swift; sourceTree = "<group>"; };
		186AA9021E1A27C700B8BD3C /* DictionaryViewController.swift */ = {isa = PBXFileReference; fileEncoding = 4; lastKnownFileType = sourcecode.swift; name = DictionaryViewController.swift; path = ../DictionaryViewController.swift; sourceTree = "<group>"; };
		186FE14C1E02932B006EBCF4 /* ContentInputViewController.swift */ = {isa = PBXFileReference; fileEncoding = 4; lastKnownFileType = sourcecode.swift; path = ContentInputViewController.swift; sourceTree = "<group>"; };
		186FE1551E02CC6E006EBCF4 /* AccessoryView.swift */ = {isa = PBXFileReference; fileEncoding = 4; lastKnownFileType = sourcecode.swift; path = AccessoryView.swift; sourceTree = "<group>"; };
		186FE1561E02CC6E006EBCF4 /* AccessoryView.xib */ = {isa = PBXFileReference; fileEncoding = 4; lastKnownFileType = file.xib; path = AccessoryView.xib; sourceTree = "<group>"; };
		186FE1591E02CD2C006EBCF4 /* MyTextViewDelegate.swift */ = {isa = PBXFileReference; fileEncoding = 4; lastKnownFileType = sourcecode.swift; path = MyTextViewDelegate.swift; sourceTree = "<group>"; };
		187271591E0D402400708A89 /* FadeAnimation.swift */ = {isa = PBXFileReference; fileEncoding = 4; lastKnownFileType = sourcecode.swift; path = FadeAnimation.swift; sourceTree = "<group>"; };
		1872E6B51DF93CAC00A71E7D /* PhotoView.swift */ = {isa = PBXFileReference; fileEncoding = 4; lastKnownFileType = sourcecode.swift; path = PhotoView.swift; sourceTree = "<group>"; };
		1872E6B71DF93CC900A71E7D /* PhotoView.xib */ = {isa = PBXFileReference; fileEncoding = 4; lastKnownFileType = file.xib; path = PhotoView.xib; sourceTree = "<group>"; };
		1876B4191E10F1CA00A35DD5 /* SearchViewController.swift */ = {isa = PBXFileReference; fileEncoding = 4; lastKnownFileType = sourcecode.swift; path = SearchViewController.swift; sourceTree = "<group>"; };
		187B709B1E161C7D0017D291 /* AboutViewController.swift */ = {isa = PBXFileReference; fileEncoding = 4; lastKnownFileType = sourcecode.swift; path = AboutViewController.swift; sourceTree = "<group>"; };
		188BF1B41E151E63008ACA36 /* HomeViewController.swift */ = {isa = PBXFileReference; fileEncoding = 4; lastKnownFileType = sourcecode.swift; path = HomeViewController.swift; sourceTree = "<group>"; };
		188BF1B61E152780008ACA36 /* FeedBackViewController.swift */ = {isa = PBXFileReference; fileEncoding = 4; lastKnownFileType = sourcecode.swift; path = FeedBackViewController.swift; sourceTree = "<group>"; };
		18B36C261DFD8935007215E2 /* Toast.swift */ = {isa = PBXFileReference; fileEncoding = 4; lastKnownFileType = sourcecode.swift; path = Toast.swift; sourceTree = "<group>"; };
		18BD8B7A1DF7A822001F32CC /* Trace.app */ = {isa = PBXFileReference; explicitFileType = wrapper.application; includeInIndex = 0; path = Trace.app; sourceTree = BUILT_PRODUCTS_DIR; };
		18BD8B7D1DF7A822001F32CC /* AppDelegate.swift */ = {isa = PBXFileReference; lastKnownFileType = sourcecode.swift; path = AppDelegate.swift; sourceTree = "<group>"; };
		18BD8B821DF7A822001F32CC /* Base */ = {isa = PBXFileReference; lastKnownFileType = file.storyboard; name = Base; path = Base.lproj/Main.storyboard; sourceTree = "<group>"; };
		18BD8B841DF7A822001F32CC /* Assets.xcassets */ = {isa = PBXFileReference; lastKnownFileType = folder.assetcatalog; path = Assets.xcassets; sourceTree = "<group>"; };
		18BD8B871DF7A822001F32CC /* Base */ = {isa = PBXFileReference; lastKnownFileType = file.storyboard; name = Base; path = Base.lproj/LaunchScreen.storyboard; sourceTree = "<group>"; };
		18BD8B891DF7A822001F32CC /* Info.plist */ = {isa = PBXFileReference; lastKnownFileType = text.plist.xml; path = Info.plist; sourceTree = "<group>"; };
		18BD8B8E1DF7A822001F32CC /* TraceUITests.xctest */ = {isa = PBXFileReference; explicitFileType = wrapper.cfbundle; includeInIndex = 0; path = TraceUITests.xctest; sourceTree = BUILT_PRODUCTS_DIR; };
		18BD8B921DF7A822001F32CC /* TraceUITests.swift */ = {isa = PBXFileReference; lastKnownFileType = sourcecode.swift; path = TraceUITests.swift; sourceTree = "<group>"; };
		18BD8B941DF7A822001F32CC /* Info.plist */ = {isa = PBXFileReference; lastKnownFileType = text.plist.xml; path = Info.plist; sourceTree = "<group>"; };
		18BD8BA11DF7B067001F32CC /* NotePaper.swift */ = {isa = PBXFileReference; fileEncoding = 4; lastKnownFileType = sourcecode.swift; name = NotePaper.swift; path = ../NotePaper.swift; sourceTree = "<group>"; };
		7D4CEFA1A9E8D8E6A93E969D /* Pods_Trace.framework */ = {isa = PBXFileReference; explicitFileType = wrapper.framework; includeInIndex = 0; path = Pods_Trace.framework; sourceTree = BUILT_PRODUCTS_DIR; };
		CC747FAF6B9006ED2BE2C410 /* Pods-Trace.debug.xcconfig */ = {isa = PBXFileReference; includeInIndex = 1; lastKnownFileType = text.xcconfig; name = "Pods-Trace.debug.xcconfig"; path = "Pods/Target Support Files/Pods-Trace/Pods-Trace.debug.xcconfig"; sourceTree = "<group>"; };
/* End PBXFileReference section */

/* Begin PBXFrameworksBuildPhase section */
		18BD8B771DF7A822001F32CC /* Frameworks */ = {
			isa = PBXFrameworksBuildPhase;
			buildActionMask = 2147483647;
			files = (
				9F273F21FA2F498BCD61A5C9 /* Pods_Trace.framework in Frameworks */,
			);
			runOnlyForDeploymentPostprocessing = 0;
		};
		18BD8B8B1DF7A822001F32CC /* Frameworks */ = {
			isa = PBXFrameworksBuildPhase;
			buildActionMask = 2147483647;
			files = (
			);
			runOnlyForDeploymentPostprocessing = 0;
		};
/* End PBXFrameworksBuildPhase section */

/* Begin PBXGroup section */
		184A5FBC1DFC12C900795327 /* Supporting Files */ = {
			isa = PBXGroup;
			children = (
				18BD8B891DF7A822001F32CC /* Info.plist */,
				184A5FBD1DFC12ED00795327 /* HYWaiWaiTiJ.ttf */,
			);
			name = "Supporting Files";
			sourceTree = "<group>";
		};
		185EA3291E0392730018AFDC /* Config */ = {
			isa = PBXGroup;
			children = (
				185EA32A1E03928C0018AFDC /* Config.swift */,
			);
			name = Config;
			sourceTree = "<group>";
		};
		186FE1501E02CAE1006EBCF4 /* TextView&Keyboard */ = {
			isa = PBXGroup;
			children = (
				186FE1551E02CC6E006EBCF4 /* AccessoryView.swift */,
				186FE1561E02CC6E006EBCF4 /* AccessoryView.xib */,
				186FE1591E02CD2C006EBCF4 /* MyTextViewDelegate.swift */,
			);
			name = "TextView&Keyboard";
			sourceTree = "<group>";
		};
		187271581E0D3F2700708A89 /* Animation */ = {
			isa = PBXGroup;
			children = (
				187271591E0D402400708A89 /* FadeAnimation.swift */,
			);
			name = Animation;
			sourceTree = "<group>";
		};
		187B709D1E161CB10017D291 /* Home */ = {
			isa = PBXGroup;
			children = (
				188BF1B41E151E63008ACA36 /* HomeViewController.swift */,
				187B709B1E161C7D0017D291 /* AboutViewController.swift */,
				188BF1B61E152780008ACA36 /* FeedBackViewController.swift */,
			);
			name = Home;
			sourceTree = "<group>";
		};
		187B709E1E1695770017D291 /* MyView */ = {
			isa = PBXGroup;
			children = (
				18BD8BA11DF7B067001F32CC /* NotePaper.swift */,
				1872E6B51DF93CAC00A71E7D /* PhotoView.swift */,
				1872E6B71DF93CC900A71E7D /* PhotoView.xib */,
				18B36C261DFD8935007215E2 /* Toast.swift */,
			);
			name = MyView;
			sourceTree = "<group>";
		};
		18BD8B711DF7A822001F32CC = {
			isa = PBXGroup;
			children = (
				18BD8B7C1DF7A822001F32CC /* Trace */,
				18BD8B911DF7A822001F32CC /* TraceUITests */,
				18BD8B7B1DF7A822001F32CC /* Products */,
				7F947F12885ADE036E383E42 /* Pods */,
				7FC4C79DF9220563113F697E /* Frameworks */,
			);
			sourceTree = "<group>";
		};
		18BD8B7B1DF7A822001F32CC /* Products */ = {
			isa = PBXGroup;
			children = (
				18BD8B7A1DF7A822001F32CC /* Trace.app */,
				18BD8B8E1DF7A822001F32CC /* TraceUITests.xctest */,
			);
			name = Products;
			sourceTree = "<group>";
		};
		18BD8B7C1DF7A822001F32CC /* Trace */ = {
			isa = PBXGroup;
			children = (
				18BD8B7D1DF7A822001F32CC /* AppDelegate.swift */,
				18BD8B811DF7A822001F32CC /* Main.storyboard */,
				18BD8B861DF7A822001F32CC /* LaunchScreen.storyboard */,
				187271581E0D3F2700708A89 /* Animation */,
				185EA3291E0392730018AFDC /* Config */,
				186FE1501E02CAE1006EBCF4 /* TextView&Keyboard */,
				187B709D1E161CB10017D291 /* Home */,
				187B709E1E1695770017D291 /* MyView */,
				186149661DFAD6C400DE07C9 /* LoginViewController.swift */,
				18417C9E1DFD38DA0033E682 /* RegisterViewController.swift */,
				1856DF381DFFC82D0009B9EF /* MainPageViewController.swift */,
				185DB3441E123CD600415CE0 /* ChooseTypeViewController.swift */,
				18BD8B841DF7A822001F32CC /* Assets.xcassets */,
				18304CF41E052271003B203B /* DicSetViewController.swift */,
				186FE14C1E02932B006EBCF4 /* ContentInputViewController.swift */,
				186AA9021E1A27C700B8BD3C /* DictionaryViewController.swift */,
				1876B4191E10F1CA00A35DD5 /* SearchViewController.swift */,
				184A5FBC1DFC12C900795327 /* Supporting Files */,
			);
			path = Trace;
			sourceTree = "<group>";
		};
		18BD8B911DF7A822001F32CC /* TraceUITests */ = {
			isa = PBXGroup;
			children = (
				18BD8B921DF7A822001F32CC /* TraceUITests.swift */,
				18BD8B941DF7A822001F32CC /* Info.plist */,
			);
			path = TraceUITests;
			sourceTree = "<group>";
		};
		7F947F12885ADE036E383E42 /* Pods */ = {
			isa = PBXGroup;
			children = (
				CC747FAF6B9006ED2BE2C410 /* Pods-Trace.debug.xcconfig */,
				121EDC69D402EC89704EA6BB /* Pods-Trace.release.xcconfig */,
			);
			name = Pods;
			sourceTree = "<group>";
		};
		7FC4C79DF9220563113F697E /* Frameworks */ = {
			isa = PBXGroup;
			children = (
				7D4CEFA1A9E8D8E6A93E969D /* Pods_Trace.framework */,
			);
			name = Frameworks;
			sourceTree = "<group>";
		};
/* End PBXGroup section */

/* Begin PBXNativeTarget section */
		18BD8B791DF7A822001F32CC /* Trace */ = {
			isa = PBXNativeTarget;
			buildConfigurationList = 18BD8B971DF7A822001F32CC /* Build configuration list for PBXNativeTarget "Trace" */;
			buildPhases = (
				1B9564489C8B3264161C5E25 /* [CP] Check Pods Manifest.lock */,
				18BD8B761DF7A822001F32CC /* Sources */,
				18BD8B771DF7A822001F32CC /* Frameworks */,
				18BD8B781DF7A822001F32CC /* Resources */,
				EEE9532F8BB9951CE64C8A51 /* [CP] Embed Pods Frameworks */,
				4FC613F35BF077BE52D28FD9 /* [CP] Copy Pods Resources */,
			);
			buildRules = (
			);
			dependencies = (
			);
			name = Trace;
			productName = Trace;
			productReference = 18BD8B7A1DF7A822001F32CC /* Trace.app */;
			productType = "com.apple.product-type.application";
		};
		18BD8B8D1DF7A822001F32CC /* TraceUITests */ = {
			isa = PBXNativeTarget;
			buildConfigurationList = 18BD8B9A1DF7A822001F32CC /* Build configuration list for PBXNativeTarget "TraceUITests" */;
			buildPhases = (
				18BD8B8A1DF7A822001F32CC /* Sources */,
				18BD8B8B1DF7A822001F32CC /* Frameworks */,
				18BD8B8C1DF7A822001F32CC /* Resources */,
			);
			buildRules = (
			);
			dependencies = (
				18BD8B901DF7A822001F32CC /* PBXTargetDependency */,
			);
			name = TraceUITests;
			productName = TraceUITests;
			productReference = 18BD8B8E1DF7A822001F32CC /* TraceUITests.xctest */;
			productType = "com.apple.product-type.bundle.ui-testing";
		};
/* End PBXNativeTarget section */

/* Begin PBXProject section */
		18BD8B721DF7A822001F32CC /* Project object */ = {
			isa = PBXProject;
			attributes = {
				LastSwiftUpdateCheck = 0810;
				LastUpgradeCheck = 0810;
				ORGANIZATIONNAME = Apple;
				TargetAttributes = {
					18BD8B791DF7A822001F32CC = {
						CreatedOnToolsVersion = 8.1;
						DevelopmentTeam = DV6WT8JT69;
						ProvisioningStyle = Automatic;
					};
					18BD8B8D1DF7A822001F32CC = {
						CreatedOnToolsVersion = 8.1;
						ProvisioningStyle = Automatic;
						TestTargetID = 18BD8B791DF7A822001F32CC;
					};
				};
			};
			buildConfigurationList = 18BD8B751DF7A822001F32CC /* Build configuration list for PBXProject "Trace" */;
			compatibilityVersion = "Xcode 3.2";
			developmentRegion = English;
			hasScannedForEncodings = 0;
			knownRegions = (
				en,
				Base,
			);
			mainGroup = 18BD8B711DF7A822001F32CC;
			productRefGroup = 18BD8B7B1DF7A822001F32CC /* Products */;
			projectDirPath = "";
			projectRoot = "";
			targets = (
				18BD8B791DF7A822001F32CC /* Trace */,
				18BD8B8D1DF7A822001F32CC /* TraceUITests */,
			);
		};
/* End PBXProject section */

/* Begin PBXResourcesBuildPhase section */
		18BD8B781DF7A822001F32CC /* Resources */ = {
			isa = PBXResourcesBuildPhase;
			buildActionMask = 2147483647;
			files = (
				184A5FBE1DFC143500795327 /* HYWaiWaiTiJ.ttf in Resources */,
				18BD8B881DF7A822001F32CC /* LaunchScreen.storyboard in Resources */,
				18BD8B851DF7A822001F32CC /* Assets.xcassets in Resources */,
				186FE1581E02CC6E006EBCF4 /* AccessoryView.xib in Resources */,
				18BD8B831DF7A822001F32CC /* Main.storyboard in Resources */,
				1872E6B81DF93CC900A71E7D /* PhotoView.xib in Resources */,
			);
			runOnlyForDeploymentPostprocessing = 0;
		};
		18BD8B8C1DF7A822001F32CC /* Resources */ = {
			isa = PBXResourcesBuildPhase;
			buildActionMask = 2147483647;
			files = (
			);
			runOnlyForDeploymentPostprocessing = 0;
		};
/* End PBXResourcesBuildPhase section */

/* Begin PBXShellScriptBuildPhase section */
		1B9564489C8B3264161C5E25 /* [CP] Check Pods Manifest.lock */ = {
			isa = PBXShellScriptBuildPhase;
			buildActionMask = 2147483647;
			files = (
			);
			inputPaths = (
			);
			name = "[CP] Check Pods Manifest.lock";
			outputPaths = (
			);
			runOnlyForDeploymentPostprocessing = 0;
			shellPath = /bin/sh;
			shellScript = "diff \"${PODS_ROOT}/../Podfile.lock\" \"${PODS_ROOT}/Manifest.lock\" > /dev/null\nif [ $? != 0 ] ; then\n    # print error to STDERR\n    echo \"error: The sandbox is not in sync with the Podfile.lock. Run 'pod install' or update your CocoaPods installation.\" >&2\n    exit 1\nfi\n";
			showEnvVarsInLog = 0;
		};
		4FC613F35BF077BE52D28FD9 /* [CP] Copy Pods Resources */ = {
			isa = PBXShellScriptBuildPhase;
			buildActionMask = 2147483647;
			files = (
			);
			inputPaths = (
			);
			name = "[CP] Copy Pods Resources";
			outputPaths = (
			);
			runOnlyForDeploymentPostprocessing = 0;
			shellPath = /bin/sh;
			shellScript = "\"${SRCROOT}/Pods/Target Support Files/Pods-Trace/Pods-Trace-resources.sh\"\n";
			showEnvVarsInLog = 0;
		};
		EEE9532F8BB9951CE64C8A51 /* [CP] Embed Pods Frameworks */ = {
			isa = PBXShellScriptBuildPhase;
			buildActionMask = 2147483647;
			files = (
			);
			inputPaths = (
			);
			name = "[CP] Embed Pods Frameworks";
			outputPaths = (
			);
			runOnlyForDeploymentPostprocessing = 0;
			shellPath = /bin/sh;
			shellScript = "\"${SRCROOT}/Pods/Target Support Files/Pods-Trace/Pods-Trace-frameworks.sh\"\n";
			showEnvVarsInLog = 0;
		};
/* End PBXShellScriptBuildPhase section */

/* Begin PBXSourcesBuildPhase section */
		18BD8B761DF7A822001F32CC /* Sources */ = {
			isa = PBXSourcesBuildPhase;
			buildActionMask = 2147483647;
			files = (
				18BD8BA21DF7B067001F32CC /* NotePaper.swift in Sources */,
				188BF1B71E152780008ACA36 /* FeedBackViewController.swift in Sources */,
				185DB3451E123CD600415CE0 /* ChooseTypeViewController.swift in Sources */,
				1856DF391DFFC82D0009B9EF /* MainPageViewController.swift in Sources */,
				186FE14D1E02932B006EBCF4 /* ContentInputViewController.swift in Sources */,
				18B36C271DFD8935007215E2 /* Toast.swift in Sources */,
				18304CF51E052271003B203B /* DicSetViewController.swift in Sources */,
				186AA9041E1A2E0800B8BD3C /* PhotoView.swift in Sources */,
				185EA32B1E03928C0018AFDC /* Config.swift in Sources */,
				186FE1571E02CC6E006EBCF4 /* AccessoryView.swift in Sources */,
				18417C9F1DFD38DA0033E682 /* RegisterViewController.swift in Sources */,
				1876B41A1E10F1CA00A35DD5 /* SearchViewController.swift in Sources */,
				186FE15A1E02CD2C006EBCF4 /* MyTextViewDelegate.swift in Sources */,
				187B709C1E161C7D0017D291 /* AboutViewController.swift in Sources */,
				188BF1B51E151E63008ACA36 /* HomeViewController.swift in Sources */,
				18BD8B7E1DF7A822001F32CC /* AppDelegate.swift in Sources */,
				186149671DFAD6C400DE07C9 /* LoginViewController.swift in Sources */,
				186AA9031E1A27C700B8BD3C /* DictionaryViewController.swift in Sources */,
				1872715A1E0D402400708A89 /* FadeAnimation.swift in Sources */,
			);
			runOnlyForDeploymentPostprocessing = 0;
		};
		18BD8B8A1DF7A822001F32CC /* Sources */ = {
			isa = PBXSourcesBuildPhase;
			buildActionMask = 2147483647;
			files = (
				18BD8B931DF7A822001F32CC /* TraceUITests.swift in Sources */,
			);
			runOnlyForDeploymentPostprocessing = 0;
		};
/* End PBXSourcesBuildPhase section */

/* Begin PBXTargetDependency section */
		18BD8B901DF7A822001F32CC /* PBXTargetDependency */ = {
			isa = PBXTargetDependency;
			target = 18BD8B791DF7A822001F32CC /* Trace */;
			targetProxy = 18BD8B8F1DF7A822001F32CC /* PBXContainerItemProxy */;
		};
/* End PBXTargetDependency section */

/* Begin PBXVariantGroup section */
		18BD8B811DF7A822001F32CC /* Main.storyboard */ = {
			isa = PBXVariantGroup;
			children = (
				18BD8B821DF7A822001F32CC /* Base */,
			);
			name = Main.storyboard;
			sourceTree = "<group>";
		};
		18BD8B861DF7A822001F32CC /* LaunchScreen.storyboard */ = {
			isa = PBXVariantGroup;
			children = (
				18BD8B871DF7A822001F32CC /* Base */,
			);
			name = LaunchScreen.storyboard;
			sourceTree = "<group>";
		};
/* End PBXVariantGroup section */

/* Begin XCBuildConfiguration section */
		18BD8B951DF7A822001F32CC /* Debug */ = {
			isa = XCBuildConfiguration;
			buildSettings = {
				ALWAYS_SEARCH_USER_PATHS = NO;
				CLANG_ANALYZER_NONNULL = YES;
				CLANG_CXX_LANGUAGE_STANDARD = "gnu++0x";
				CLANG_CXX_LIBRARY = "libc++";
				CLANG_ENABLE_MODULES = YES;
				CLANG_ENABLE_OBJC_ARC = YES;
				CLANG_WARN_BOOL_CONVERSION = YES;
				CLANG_WARN_CONSTANT_CONVERSION = YES;
				CLANG_WARN_DIRECT_OBJC_ISA_USAGE = YES_ERROR;
				CLANG_WARN_DOCUMENTATION_COMMENTS = YES;
				CLANG_WARN_EMPTY_BODY = YES;
				CLANG_WARN_ENUM_CONVERSION = YES;
				CLANG_WARN_INFINITE_RECURSION = YES;
				CLANG_WARN_INT_CONVERSION = YES;
				CLANG_WARN_OBJC_ROOT_CLASS = YES_ERROR;
				CLANG_WARN_SUSPICIOUS_MOVES = YES;
				CLANG_WARN_UNREACHABLE_CODE = YES;
				CLANG_WARN__DUPLICATE_METHOD_MATCH = YES;
				"CODE_SIGN_IDENTITY[sdk=iphoneos*]" = "iPhone Developer";
				COPY_PHASE_STRIP = NO;
				DEBUG_INFORMATION_FORMAT = dwarf;
				ENABLE_STRICT_OBJC_MSGSEND = YES;
				ENABLE_TESTABILITY = YES;
				GCC_C_LANGUAGE_STANDARD = gnu99;
				GCC_DYNAMIC_NO_PIC = NO;
				GCC_NO_COMMON_BLOCKS = YES;
				GCC_OPTIMIZATION_LEVEL = 0;
				GCC_PREPROCESSOR_DEFINITIONS = (
					"DEBUG=1",
					"$(inherited)",
				);
				GCC_WARN_64_TO_32_BIT_CONVERSION = YES;
				GCC_WARN_ABOUT_RETURN_TYPE = YES_ERROR;
				GCC_WARN_UNDECLARED_SELECTOR = YES;
				GCC_WARN_UNINITIALIZED_AUTOS = YES_AGGRESSIVE;
				GCC_WARN_UNUSED_FUNCTION = YES;
				GCC_WARN_UNUSED_VARIABLE = YES;
				IPHONEOS_DEPLOYMENT_TARGET = 10.1;
				MTL_ENABLE_DEBUG_INFO = YES;
				ONLY_ACTIVE_ARCH = YES;
				SDKROOT = iphoneos;
				SWIFT_ACTIVE_COMPILATION_CONDITIONS = DEBUG;
				SWIFT_OPTIMIZATION_LEVEL = "-Onone";
			};
			name = Debug;
		};
		18BD8B961DF7A822001F32CC /* Release */ = {
			isa = XCBuildConfiguration;
			buildSettings = {
				ALWAYS_SEARCH_USER_PATHS = NO;
				CLANG_ANALYZER_NONNULL = YES;
				CLANG_CXX_LANGUAGE_STANDARD = "gnu++0x";
				CLANG_CXX_LIBRARY = "libc++";
				CLANG_ENABLE_MODULES = YES;
				CLANG_ENABLE_OBJC_ARC = YES;
				CLANG_WARN_BOOL_CONVERSION = YES;
				CLANG_WARN_CONSTANT_CONVERSION = YES;
				CLANG_WARN_DIRECT_OBJC_ISA_USAGE = YES_ERROR;
				CLANG_WARN_DOCUMENTATION_COMMENTS = YES;
				CLANG_WARN_EMPTY_BODY = YES;
				CLANG_WARN_ENUM_CONVERSION = YES;
				CLANG_WARN_INFINITE_RECURSION = YES;
				CLANG_WARN_INT_CONVERSION = YES;
				CLANG_WARN_OBJC_ROOT_CLASS = YES_ERROR;
				CLANG_WARN_SUSPICIOUS_MOVES = YES;
				CLANG_WARN_UNREACHABLE_CODE = YES;
				CLANG_WARN__DUPLICATE_METHOD_MATCH = YES;
				"CODE_SIGN_IDENTITY[sdk=iphoneos*]" = "iPhone Developer";
				COPY_PHASE_STRIP = NO;
				DEBUG_INFORMATION_FORMAT = "dwarf-with-dsym";
				ENABLE_NS_ASSERTIONS = NO;
				ENABLE_STRICT_OBJC_MSGSEND = YES;
				GCC_C_LANGUAGE_STANDARD = gnu99;
				GCC_NO_COMMON_BLOCKS = YES;
				GCC_WARN_64_TO_32_BIT_CONVERSION = YES;
				GCC_WARN_ABOUT_RETURN_TYPE = YES_ERROR;
				GCC_WARN_UNDECLARED_SELECTOR = YES;
				GCC_WARN_UNINITIALIZED_AUTOS = YES_AGGRESSIVE;
				GCC_WARN_UNUSED_FUNCTION = YES;
				GCC_WARN_UNUSED_VARIABLE = YES;
				IPHONEOS_DEPLOYMENT_TARGET = 10.1;
				MTL_ENABLE_DEBUG_INFO = NO;
				SDKROOT = iphoneos;
				SWIFT_OPTIMIZATION_LEVEL = "-Owholemodule";
				VALIDATE_PRODUCT = YES;
			};
			name = Release;
		};
		18BD8B981DF7A822001F32CC /* Debug */ = {
			isa = XCBuildConfiguration;
			baseConfigurationReference = CC747FAF6B9006ED2BE2C410 /* Pods-Trace.debug.xcconfig */;
			buildSettings = {
				ASSETCATALOG_COMPILER_APPICON_NAME = AppIcon;
				DEVELOPMENT_TEAM = DV6WT8JT69;
				INFOPLIST_FILE = Trace/Info.plist;
				IPHONEOS_DEPLOYMENT_TARGET = 9.0;
				LD_RUNPATH_SEARCH_PATHS = "$(inherited) @executable_path/Frameworks";
				PRODUCT_BUNDLE_IDENTIFIER = cn.edu.nju.bertram.Trace;
				PRODUCT_NAME = "$(TARGET_NAME)";
				SWIFT_VERSION = 3.0;
			};
			name = Debug;
		};
		18BD8B991DF7A822001F32CC /* Release */ = {
			isa = XCBuildConfiguration;
			baseConfigurationReference = 121EDC69D402EC89704EA6BB /* Pods-Trace.release.xcconfig */;
			buildSettings = {
				ASSETCATALOG_COMPILER_APPICON_NAME = AppIcon;
				DEVELOPMENT_TEAM = DV6WT8JT69;
				INFOPLIST_FILE = Trace/Info.plist;
				IPHONEOS_DEPLOYMENT_TARGET = 9.0;
				LD_RUNPATH_SEARCH_PATHS = "$(inherited) @executable_path/Frameworks";
				PRODUCT_BUNDLE_IDENTIFIER = cn.edu.nju.bertram.Trace;
				PRODUCT_NAME = "$(TARGET_NAME)";
				SWIFT_VERSION = 3.0;
			};
			name = Release;
		};
		18BD8B9B1DF7A822001F32CC /* Debug */ = {
			isa = XCBuildConfiguration;
			buildSettings = {
				ALWAYS_EMBED_SWIFT_STANDARD_LIBRARIES = YES;
				INFOPLIST_FILE = TraceUITests/Info.plist;
				LD_RUNPATH_SEARCH_PATHS = "$(inherited) @executable_path/Frameworks @loader_path/Frameworks";
				PRODUCT_BUNDLE_IDENTIFIER = cn.edu.nju.bertram.TraceUITests;
				PRODUCT_NAME = "$(TARGET_NAME)";
				SWIFT_VERSION = 3.0;
				TEST_TARGET_NAME = Trace;
			};
			name = Debug;
		};
		18BD8B9C1DF7A822001F32CC /* Release */ = {
			isa = XCBuildConfiguration;
			buildSettings = {
				ALWAYS_EMBED_SWIFT_STANDARD_LIBRARIES = YES;
				INFOPLIST_FILE = TraceUITests/Info.plist;
				LD_RUNPATH_SEARCH_PATHS = "$(inherited) @executable_path/Frameworks @loader_path/Frameworks";
				PRODUCT_BUNDLE_IDENTIFIER = cn.edu.nju.bertram.TraceUITests;
				PRODUCT_NAME = "$(TARGET_NAME)";
				SWIFT_VERSION = 3.0;
				TEST_TARGET_NAME = Trace;
			};
			name = Release;
		};
/* End XCBuildConfiguration section */

/* Begin XCConfigurationList section */
		18BD8B751DF7A822001F32CC /* Build configuration list for PBXProject "Trace" */ = {
			isa = XCConfigurationList;
			buildConfigurations = (
				18BD8B951DF7A822001F32CC /* Debug */,
				18BD8B961DF7A822001F32CC /* Release */,
			);
			defaultConfigurationIsVisible = 0;
			defaultConfigurationName = Release;
		};
		18BD8B971DF7A822001F32CC /* Build configuration list for PBXNativeTarget "Trace" */ = {
			isa = XCConfigurationList;
			buildConfigurations = (
				18BD8B981DF7A822001F32CC /* Debug */,
				18BD8B991DF7A822001F32CC /* Release */,
			);
			defaultConfigurationIsVisible = 0;
			defaultConfigurationName = Release;
		};
		18BD8B9A1DF7A822001F32CC /* Build configuration list for PBXNativeTarget "TraceUITests" */ = {
			isa = XCConfigurationList;
			buildConfigurations = (
				18BD8B9B1DF7A822001F32CC /* Debug */,
				18BD8B9C1DF7A822001F32CC /* Release */,
			);
			defaultConfigurationIsVisible = 0;
			defaultConfigurationName = Release;
		};
/* End XCConfigurationList section */
	};
	rootObject = 18BD8B721DF7A822001F32CC /* Project object */;
}
